
Microsoft Visual Studio Solution File, Format Version 12.00
# Visual Studio Version 17
VisualStudioVersion = 17.3.32929.385
MinimumVisualStudioVersion = 10.0.40219.1
Project("{FAE04EC0-301F-11D3-BF4B-00C04F79EFBC}") = "FileReader", "FileReader\FileReader.csproj", "{C0794B58-5469-4DD9-8E00-41684EA1C69C}"
EndProject
Global
	GlobalSection(SolutionConfigurationPlatforms) = preSolution
		Debug|Any CPU = Debug|Any CPU
		Release|Any CPU = Release|Any CPU
	EndGlobalSection
	GlobalSection(ProjectConfigurationPlatforms) = postSolution
		{C0794B58-5469-4DD9-8E00-41684EA1C69C}.Debug|Any CPU.ActiveCfg = Debug|Any CPU
		{C0794B58-5469-4DD9-8E00-41684EA1C69C}.Debug|Any CPU.Build.0 = Debug|Any CPU
		{C0794B58-5469-4DD9-8E00-41684EA1C69C}.Release|Any CPU.ActiveCfg = Release|Any CPU
		{C0794B58-5469-4DD9-8E00-41684EA1C69C}.Release|Any CPU.Build.0 = Release|Any CPU
	EndGlobalSection
	GlobalSection(SolutionProperties) = preSolution
		HideSolutionNode = FALSE
	EndGlobalSection
	GlobalSection(ExtensibilityGlobals) = postSolution
		SolutionGuid = {51D28AD9-C513-4EDA-9D76-E7DEC68C8D15}
	EndGlobalSection
EndGlobal
